
Microsoft Visual Studio Solution File, Format Version 12.00
# Visual Studio 2013
VisualStudioVersion = 12.0.30501.0
MinimumVisualStudioVersion = 10.0.40219.1
Project("{2150E333-8FDC-42A3-9474-1A3956D46DE8}") = "Solution Items", "Solution Items", "{EACFCBD7-D400-4055-8A1A-F53A2C66305D}"
	ProjectSection(SolutionItems) = preProject
		build.fsx = build.fsx
		LICENSE.md = LICENSE.md
		NuGet\MMDataStructures.nuspec = NuGet\MMDataStructures.nuspec
		README.md = README.md
		RELEASE_NOTES.md = RELEASE_NOTES.md
	EndProjectSection
EndProject
Project("{2150E333-8FDC-42A3-9474-1A3956D46DE8}") = "Test", "Test", "{F6131682-9914-474C-AB44-CF41259B187C}"
EndProject
Project("{FAE04EC0-301F-11D3-BF4B-00C04F79EFBC}") = "MMDataStructures", "MMDataStructures\MMDataStructures.csproj", "{96B4A787-61EA-413C-8DA2-C216C6256094}"
EndProject
Project("{FAE04EC0-301F-11D3-BF4B-00C04F79EFBC}") = "Profiler", "Tests\MMDataStructures.Profiler\Profiler.csproj", "{C2DEAC48-F50B-446A-A0F5-6F4FD2BACB1B}"
EndProject
Project("{FAE04EC0-301F-11D3-BF4B-00C04F79EFBC}") = "MMDataStructures.Tests", "Tests\MMDataStructures.Tests\MMDataStructures.Tests.csproj", "{2DF26C44-BD1A-4A9E-A77F-B9A1FDC44E91}"
EndProject
Global
	GlobalSection(SolutionConfigurationPlatforms) = preSolution
		Debug|Any CPU = Debug|Any CPU
		Release|Any CPU = Release|Any CPU
	EndGlobalSection
	GlobalSection(ProjectConfigurationPlatforms) = postSolution
		{96B4A787-61EA-413C-8DA2-C216C6256094}.Debug|Any CPU.ActiveCfg = Debug|Any CPU
		{96B4A787-61EA-413C-8DA2-C216C6256094}.Debug|Any CPU.Build.0 = Debug|Any CPU
		{96B4A787-61EA-413C-8DA2-C216C6256094}.Release|Any CPU.ActiveCfg = Release|Any CPU
		{96B4A787-61EA-413C-8DA2-C216C6256094}.Release|Any CPU.Build.0 = Release|Any CPU
		{C2DEAC48-F50B-446A-A0F5-6F4FD2BACB1B}.Debug|Any CPU.ActiveCfg = Debug|Any CPU
		{C2DEAC48-F50B-446A-A0F5-6F4FD2BACB1B}.Debug|Any CPU.Build.0 = Debug|Any CPU
		{C2DEAC48-F50B-446A-A0F5-6F4FD2BACB1B}.Release|Any CPU.ActiveCfg = Release|Any CPU
		{C2DEAC48-F50B-446A-A0F5-6F4FD2BACB1B}.Release|Any CPU.Build.0 = Release|Any CPU
		{2DF26C44-BD1A-4A9E-A77F-B9A1FDC44E91}.Debug|Any CPU.ActiveCfg = Debug|Any CPU
		{2DF26C44-BD1A-4A9E-A77F-B9A1FDC44E91}.Debug|Any CPU.Build.0 = Debug|Any CPU
		{2DF26C44-BD1A-4A9E-A77F-B9A1FDC44E91}.Release|Any CPU.ActiveCfg = Release|Any CPU
		{2DF26C44-BD1A-4A9E-A77F-B9A1FDC44E91}.Release|Any CPU.Build.0 = Release|Any CPU
	EndGlobalSection
	GlobalSection(SolutionProperties) = preSolution
		HideSolutionNode = FALSE
	EndGlobalSection
	GlobalSection(NestedProjects) = preSolution
		{C2DEAC48-F50B-446A-A0F5-6F4FD2BACB1B} = {F6131682-9914-474C-AB44-CF41259B187C}
		{2DF26C44-BD1A-4A9E-A77F-B9A1FDC44E91} = {F6131682-9914-474C-AB44-CF41259B187C}
	EndGlobalSection
EndGlobal
